hash: 509f82bea8156162edbe27b089ac930f1a6cc12e294247de750c437b34d6436f
updated: 2017-02-15T23:34:28.589524816+01:00
imports:
- name: cloud.google.com/go
  version: aec0e559d3d92ccdd9729d28f44b72d083946620
  subpackages:
  - compute/metadata
  - internal
- name: github.com/1and1/oneandone-cloudserver-sdk-go
  version: 5678f03fc801525df794f953aa82f5ad7555a2ef
- name: github.com/aws/aws-sdk-go
  version: d5fd6983e17a1644149fb634fdcf69bd03cb8b21
  subpackages:
  - aws
  - aws/awserr
  - aws/awsutil
  - aws/client
  - aws/client/metadata
  - aws/corehandlers
  - aws/credentials
  - aws/credentials/ec2rolecreds
  - aws/credentials/endpointcreds
  - aws/credentials/stscreds
  - aws/defaults
  - aws/ec2metadata
  - aws/endpoints
  - aws/request
  - aws/session
  - aws/signer/v4
  - private/protocol
  - private/protocol/ec2query
  - private/protocol/json/jsonutil
  - private/protocol/jsonrpc
  - private/protocol/query
  - private/protocol/query/queryutil
  - private/protocol/rest
  - private/protocol/restxml
  - private/protocol/xml/xmlutil
  - private/waiter
  - service/ec2
  - service/ecr
  - service/s3
  - service/s3/s3iface
  - service/s3/s3manager
  - service/sts
- name: github.com/Azure/azure-sdk-for-go
  version: 2fb0ef4b4d3b33660c83a2af484510425f5c133b
  subpackages:
  - arm/compute
  - arm/network
  - arm/resources/resources
  - arm/resources/subscriptions
  - arm/storage
  - storage
- name: github.com/Azure/go-autorest
  version: 32cc2321122a649b7ba4e323527bcb145134fd47
  subpackages:
  - autorest
  - autorest/azure
  - autorest/date
  - autorest/to
  - autorest/validation
- name: github.com/biogo/hts
  version: 319a3a2e4e1c92600d37561287b8c74d6d82f016
  subpackages:
  - bgzf
- name: github.com/blang/semver
  version: 60ec3488bfea7cca02b021d106d9911120d25fe9
- name: github.com/dgrijalva/jwt-go
  version: 9ed569b5d1ac936e6494082958d63a6aa4fff99a
- name: github.com/digitalocean/godo
  version: 758b5be38ee8c630b0db89b00b7b87f064839099
- name: github.com/dylanmei/iso8601
  version: 2075bf119b58e5576c6ed9f867b8f3d17f2e54d4
- name: github.com/go-ini/ini
  version: 2ba15ac2dc9cdf88c110ec2dc0ced7fa45f5678c
- name: github.com/golang/protobuf
  version: 8ee79997227bf9b34611aee7946ae64735e6fd93
  subpackages:
  - proto
- name: github.com/google/go-querystring
  version: 9235644dd9e52eeae6fa48efd539fdc351a0af53
  subpackages:
  - query
- name: github.com/google/shlex
  version: 6f45313302b9c56850fc17f99e40caebce98c716
- name: github.com/googleapis/gax-go
  version: da06d194a00e19ce00d9011a13931c3f6f6887c7
- name: github.com/gophercloud/gophercloud
  version: ff77917b4d967827a1a375c97214f06b030e519a
  subpackages:
  - openstack
  - openstack/common/extensions
  - openstack/compute/v2/extensions
  - openstack/compute/v2/extensions/floatingips
  - openstack/compute/v2/extensions/keypairs
  - openstack/compute/v2/extensions/startstop
  - openstack/compute/v2/flavors
  - openstack/compute/v2/images
  - openstack/compute/v2/servers
  - openstack/identity/v2/tenants
  - openstack/identity/v2/tokens
  - openstack/identity/v3/tokens
  - openstack/imageservice/v2/images
  - openstack/imageservice/v2/members
  - openstack/utils
  - pagination
- name: github.com/hashicorp/atlas-go
  version: 1792bd8de119ba49b17fd8d3c3c1f488ec613e62
  subpackages:
  - archive
  - v1
- name: github.com/hashicorp/errwrap
  version: 7554cd9344cec97297fa6649b055a8c98c2a1e55
- name: github.com/hashicorp/go-cleanhttp
  version: ad28ea4487f05916463e2423a55166280e8254b5
- name: github.com/hashicorp/go-multierror
  version: 8484912a3b9987857bac52e0c5fec2b95f419628
- name: github.com/hashicorp/go-rootcerts
  version: 6bb64b370b90e7ef1fa532be9e591a81c3493e00
- name: github.com/hashicorp/go-version
  version: e96d3840402619007766590ecea8dd7af1292276
- name: github.com/hashicorp/yamux
  version: d1caa6c97c9fc1cc9e83bbe34d0603f9ff0ce8bd
- name: github.com/jmespath/go-jmespath
  version: bd40a432e4c76585ef6b72d3fd96fb9b6dc7b68d
- name: github.com/joyent/gocommon
  version: b78708995d1c2ebdb64a3061b0bca5d8ccdf0fc2
  subpackages:
  - client
  - errors
  - http
  - jpc
- name: github.com/joyent/gosdc
  version: ec8b3503a75edca0df26581b83807677b0240716
  subpackages:
  - cloudapi
- name: github.com/joyent/gosign
  version: 9abcee278795b82b36858cdfc857c8a0e7de797c
  subpackages:
  - auth
- name: github.com/klauspost/compress
  version: e3b7981a12dd3cab49afa1d3a50e715846f23732
  subpackages:
  - flate
- name: github.com/klauspost/cpuid
  version: 09cded8978dc9e80714c4d85b0322337b0a1e5e0
- name: github.com/klauspost/crc32
  version: cb6bfca970f6908083f26f39a79009d608efd5cd
- name: github.com/klauspost/pgzip
  version: e1189db7261c60cf75c77d573014936620d3d119
- name: github.com/koding/logging
  version: 8b5a689ed69b1c7cd1e3595276fc2a352d7818e0
- name: github.com/koding/vagrantutil
  version: b2ce682200600ff2000bea1013ba7b965e851f87
- name: github.com/kr/fs
  version: 2788f0dbd16903de03cb8186e5c7d97b69ad387b
- name: github.com/masterzen/azure-sdk-for-go
  version: ee4f0065d00cd12b542f18f5bc45799e88163b12
  subpackages:
  - core/http
  - core/tls
- name: github.com/masterzen/simplexml
  version: 4572e39b1ab9fe03ee513ce6fc7e289e98482190
  subpackages:
  - dom
- name: github.com/masterzen/winrm
  version: 7a535cd943fccaeed196718896beec3fb51aff41
  subpackages:
  - soap
- name: github.com/masterzen/xmlpath
  version: 13f4951698adc0fa9c1dda3e275d489a24201161
- name: github.com/mitchellh/go-fs
  version: 7bae45d9a684750e82b97ff320c82556614e621b
  subpackages:
  - fat
- name: github.com/mitchellh/go-homedir
  version: b8bc1bf767474819792c23f32d8286a45736f1c6
- name: github.com/mitchellh/go-vnc
  version: 723ed9867aed0f3209a81151e52ddc61681f0b01
- name: github.com/mitchellh/iochan
  version: 87b45ffd0e9581375c491fef3d32130bb15c5bd7
- name: github.com/mitchellh/mapstructure
  version: f3009df150dadf309fdee4a54ed65c124afad715
- name: github.com/mitchellh/multistep
  version: 162146fc57112954184d90266f4733e900ed05a5
- name: github.com/mitchellh/packer
  version: f25949eb2dd5cafb8661048ef4a97b68e7186e8b
  subpackages:
  - builder/amazon/chroot
  - builder/amazon/common
  - builder/amazon/ebs
  - builder/amazon/ebsvolume
  - builder/amazon/instance
  - builder/azure/arm
  - builder/azure/common
  - builder/azure/common/constants
  - builder/azure/common/lin
  - builder/azure/common/logutil
  - builder/azure/common/template
  - builder/azure/pkcs12
  - builder/azure/pkcs12/rc2
  - builder/cloudstack
  - builder/digitalocean
  - builder/docker
  - builder/file
  - builder/googlecompute
  - builder/hyperv/common
  - builder/hyperv/iso
  - builder/null
  - builder/oneandone
  - builder/openstack
  - builder/parallels/common
  - builder/parallels/iso
  - builder/parallels/pvm
  - builder/profitbricks
  - builder/qemu
  - builder/triton
  - builder/virtualbox/common
  - builder/virtualbox/iso
  - builder/virtualbox/ovf
  - builder/vmware/common
  - builder/vmware/iso
  - builder/vmware/vmx
  - command
  - common
  - common/powershell
  - common/powershell/hyperv
  - common/ssh
  - common/uuid
  - communicator/none
  - communicator/ssh
  - communicator/winrm
  - fix
  - helper/communicator
  - helper/config
  - helper/enumflag
  - helper/flag-kv
  - helper/flag-slice
  - packer
  - packer/plugin
  - packer/rpc
  - post-processor/amazon-import
  - post-processor/artifice
  - post-processor/atlas
  - post-processor/checksum
  - post-processor/compress
  - post-processor/docker-import
  - post-processor/docker-push
  - post-processor/docker-save
  - post-processor/docker-tag
  - post-processor/googlecompute-export
  - post-processor/manifest
  - post-processor/shell-local
  - post-processor/vagrant
  - post-processor/vagrant-cloud
  - post-processor/vsphere
  - provisioner
  - provisioner/ansible
  - provisioner/ansible-local
  - provisioner/chef-client
  - provisioner/chef-solo
  - provisioner/converge
  - provisioner/file
  - provisioner/powershell
  - provisioner/puppet-masterless
  - provisioner/puppet-server
  - provisioner/salt-masterless
  - provisioner/shell
  - provisioner/shell-local
  - provisioner/windows-restart
  - provisioner/windows-shell
  - template
  - template/interpolate
  - version
- name: github.com/mitchellh/reflectwalk
  version: 9ad27c461a633e32a235a061d523aefe8f18571d
- name: github.com/nu7hatch/gouuid
  version: 179d4d0c4d8d407a32af483c2354df1d2c91e6c3
- name: github.com/packer-community/winrmcp
  version: 7f50d16167d327698b91ccd5363d8691865e2580
  subpackages:
  - winrmcp
- name: github.com/pierrec/lz4
  version: 5c9560bfa9ace2bf86080bf40d46b34ae44604df
- name: github.com/pierrec/xxHash
  version: 5a004441f897722c627870a981d02b29924215fa
  subpackages:
  - xxHash32
- name: github.com/pkg/errors
  version: 839d9e913e063e28dfd0e6c7b7512793e0a48be9
- name: github.com/pkg/sftp
  version: 4d0e916071f68db74f8a73926335f809396d6b42
- name: github.com/profitbricks/profitbricks-sdk-go
  version: b279e1adcaf1c9cae4d6520c1bdbbf4674e7806e
- name: github.com/tent/http-link-go
  version: ac974c61c2f990f4115b119354b5e0b47550e888
- name: github.com/ugorji/go
  version: 9c7f9b7a2bc3a520f7c7b30b34b7f85f47fe27b6
  subpackages:
  - codec
- name: github.com/xanzy/go-cloudstack
  version: deca6e17c056012b540aa2d2eae3ea1e63203b85
  subpackages:
  - cloudstack
- name: golang.org/x/crypto
  version: ca7e7f10cb9fd9c1a6ff7f60436c086d73714180
  subpackages:
  - curve25519
  - ed25519
  - ed25519/internal/edwards25519
  - ssh
  - ssh/agent
- name: golang.org/x/net
  version: cfae461cedfdcab6e261a26eb77db53695623303
  repo: https://github.com/golang/net.git
  vcs: git
  subpackages:
  - .
  - context
  - context/ctxhttp
  - html
  - html/atom
  - http2
  - http2/hpack
  - idna
  - internal/timeseries
  - lex/httplex
  - trace
- name: golang.org/x/oauth2
  version: 96382aa079b72d8c014eb0c50f6c223d1e6a2de0
  subpackages:
  - google
  - internal
  - jws
  - jwt
- name: golang.org/x/text
  version: 506f9d5c962f284575e88337e7d9296d27e729d3
  subpackages:
  - encoding
  - encoding/internal
  - encoding/internal/identifier
  - encoding/unicode
  - internal/utf8internal
  - runes
  - transform
- name: google.golang.org/api
  version: 6ae94d3fbc17a6600999dc24c28bd01735a87b76
  subpackages:
  - compute/v1
  - gensupport
  - googleapi
  - googleapi/internal/uritemplates
- name: google.golang.org/appengine
  version: ca59ef35f409df61fa4a5f8290ff289b37eccfb8
  subpackages:
  - internal
  - internal/app_identity
  - internal/base
  - internal/datastore
  - internal/log
  - internal/modules
  - internal/remote_api
  - internal/urlfetch
  - urlfetch
- name: google.golang.org/grpc
  version: 8712952b7d646dbbbc6fb73a782174f3115060f3
  subpackages:
  - codes
  - credentials
  - grpclog
  - internal
  - metadata
  - naming
  - peer
  - stats
  - tap
  - transport
- name: gopkg.in/xmlpath.v2
  version: 860cbeca3ebcc600db0b213c0e83ad6ce91f5739
testImports: []
